// !$*UTF8*$!
{
	archiveVersion = 1;
	classes = {
	};
	objectVersion = 55;
	objects = {

/* Begin PBXBuildFile section */
		DF30C84B2758C041009887E1 /* ScrollViewBootcamp.swift in Sources */ = {isa = PBXBuildFile; fileRef = DF30C84A2758C041009887E1 /* ScrollViewBootcamp.swift */; };
		DF44721B27615706005334C5 /* AnotherViewBootcamp.swift in Sources */ = {isa = PBXBuildFile; fileRef = DF44721A27615706005334C5 /* AnotherViewBootcamp.swift */; };
		DF4AED08275B84CD00C39378 /* StateBootcamp.swift in Sources */ = {isa = PBXBuildFile; fileRef = DF4AED07275B84CD00C39378 /* StateBootcamp.swift */; };
		DF4C2319275EBB0100BFE152 /* FunctionsBootcamp.swift in Sources */ = {isa = PBXBuildFile; fileRef = DF4C2318275EBB0100BFE152 /* FunctionsBootcamp.swift */; };
		DF5157CD27635B79005045B1 /* IfAndElseBootcamp.swift in Sources */ = {isa = PBXBuildFile; fileRef = DF5157CC27635B79005045B1 /* IfAndElseBootcamp.swift */; };
		DF61D14F2758F267006F6062 /* PaddingBootcamp.swift in Sources */ = {isa = PBXBuildFile; fileRef = DF61D14E2758F267006F6062 /* PaddingBootcamp.swift */; };
		DF61D1512758F417006F6062 /* LazyVGridBootcamp.swift in Sources */ = {isa = PBXBuildFile; fileRef = DF61D1502758F417006F6062 /* LazyVGridBootcamp.swift */; };
		DF6EFF60275A39A300EC80AE /* ButtonBootcamp.swift in Sources */ = {isa = PBXBuildFile; fileRef = DF6EFF5F275A39A300EC80AE /* ButtonBootcamp.swift */; };
		DF783FC127550EE2009A9A9A /* SwiftUIThinkingBootcampAppApp.swift in Sources */ = {isa = PBXBuildFile; fileRef = DF783FC027550EE2009A9A9A /* SwiftUIThinkingBootcampAppApp.swift */; };
		DF783FC327550EE2009A9A9A /* ContentView.swift in Sources */ = {isa = PBXBuildFile; fileRef = DF783FC227550EE2009A9A9A /* ContentView.swift */; };
		DF783FC527550EE3009A9A9A /* Assets.xcassets in Resources */ = {isa = PBXBuildFile; fileRef = DF783FC427550EE3009A9A9A /* Assets.xcassets */; };
		DF783FC827550EE3009A9A9A /* Preview Assets.xcassets in Resources */ = {isa = PBXBuildFile; fileRef = DF783FC727550EE3009A9A9A /* Preview Assets.xcassets */; };
/* End PBXBuildFile section */

/* Begin PBXFileReference section */
		DF30C84A2758C041009887E1 /* ScrollViewBootcamp.swift */ = {isa = PBXFileReference; lastKnownFileType = sourcecode.swift; path = ScrollViewBootcamp.swift; sourceTree = "<group>"; };
		DF44721A27615706005334C5 /* AnotherViewBootcamp.swift */ = {isa = PBXFileReference; lastKnownFileType = sourcecode.swift; path = AnotherViewBootcamp.swift; sourceTree = "<group>"; };
		DF4AED07275B84CD00C39378 /* StateBootcamp.swift */ = {isa = PBXFileReference; lastKnownFileType = sourcecode.swift; path = StateBootcamp.swift; sourceTree = "<group>"; };
		DF4C2318275EBB0100BFE152 /* FunctionsBootcamp.swift */ = {isa = PBXFileReference; lastKnownFileType = sourcecode.swift; path = FunctionsBootcamp.swift; sourceTree = "<group>"; };
		DF5157CC27635B79005045B1 /* IfAndElseBootcamp.swift */ = {isa = PBXFileReference; lastKnownFileType = sourcecode.swift; path = IfAndElseBootcamp.swift; sourceTree = "<group>"; };
		DF61D14E2758F267006F6062 /* PaddingBootcamp.swift */ = {isa = PBXFileReference; fileEncoding = 4; lastKnownFileType = sourcecode.swift; path = PaddingBootcamp.swift; sourceTree = "<group>"; };
		DF61D1502758F417006F6062 /* LazyVGridBootcamp.swift */ = {isa = PBXFileReference; lastKnownFileType = sourcecode.swift; path = LazyVGridBootcamp.swift; sourceTree = "<group>"; };
		DF6EFF5F275A39A300EC80AE /* ButtonBootcamp.swift */ = {isa = PBXFileReference; lastKnownFileType = sourcecode.swift; path = ButtonBootcamp.swift; sourceTree = "<group>"; };
		DF783FBD27550EE2009A9A9A /* SwiftUIThinkingBootcampApp.app */ = {isa = PBXFileReference; explicitFileType = wrapper.application; includeInIndex = 0; path = SwiftUIThinkingBootcampApp.app; sourceTree = BUILT_PRODUCTS_DIR; };
		DF783FC027550EE2009A9A9A /* SwiftUIThinkingBootcampAppApp.swift */ = {isa = PBXFileReference; lastKnownFileType = sourcecode.swift; path = SwiftUIThinkingBootcampAppApp.swift; sourceTree = "<group>"; };
		DF783FC227550EE2009A9A9A /* ContentView.swift */ = {isa = PBXFileReference; lastKnownFileType = sourcecode.swift; path = ContentView.swift; sourceTree = "<group>"; };
		DF783FC427550EE3009A9A9A /* Assets.xcassets */ = {isa = PBXFileReference; lastKnownFileType = folder.assetcatalog; path = Assets.xcassets; sourceTree = "<group>"; };
		DF783FC727550EE3009A9A9A /* Preview Assets.xcassets */ = {isa = PBXFileReference; lastKnownFileType = folder.assetcatalog; path = "Preview Assets.xcassets"; sourceTree = "<group>"; };
/* End PBXFileReference section */

/* Begin PBXFrameworksBuildPhase section */
		DF783FBA27550EE2009A9A9A /* Frameworks */ = {
			isa = PBXFrameworksBuildPhase;
			buildActionMask = 2147483647;
			files = (
			);
			runOnlyForDeploymentPostprocessing = 0;
		};
/* End PBXFrameworksBuildPhase section */

/* Begin PBXGroup section */
		DF783FB427550EE2009A9A9A = {
			isa = PBXGroup;
			children = (
				DF44721A27615706005334C5 /* AnotherViewBootcamp.swift */,
				DF5157CC27635B79005045B1 /* IfAndElseBootcamp.swift */,
				DF4C2318275EBB0100BFE152 /* FunctionsBootcamp.swift */,
				DF4AED07275B84CD00C39378 /* StateBootcamp.swift */,
				DF6EFF5F275A39A300EC80AE /* ButtonBootcamp.swift */,
				DF61D1502758F417006F6062 /* LazyVGridBootcamp.swift */,
				DF30C84A2758C041009887E1 /* ScrollViewBootcamp.swift */,
				DF61D14E2758F267006F6062 /* PaddingBootcamp.swift */,
				DF783FBF27550EE2009A9A9A /* SwiftUIThinkingBootcampApp */,
				DF783FBE27550EE2009A9A9A /* Products */,
			);
			sourceTree = "<group>";
		};
		DF783FBE27550EE2009A9A9A /* Products */ = {
			isa = PBXGroup;
			children = (
				DF783FBD27550EE2009A9A9A /* SwiftUIThinkingBootcampApp.app */,
			);
			name = Products;
			sourceTree = "<group>";
		};
		DF783FBF27550EE2009A9A9A /* SwiftUIThinkingBootcampApp */ = {
			isa = PBXGroup;
			children = (
				DF783FC027550EE2009A9A9A /* SwiftUIThinkingBootcampAppApp.swift */,
				DF783FC227550EE2009A9A9A /* ContentView.swift */,
				DF783FC427550EE3009A9A9A /* Assets.xcassets */,
				DF783FC627550EE3009A9A9A /* Preview Content */,
			);
			path = SwiftUIThinkingBootcampApp;
			sourceTree = "<group>";
		};
		DF783FC627550EE3009A9A9A /* Preview Content */ = {
			isa = PBXGroup;
			children = (
				DF783FC727550EE3009A9A9A /* Preview Assets.xcassets */,
			);
			path = "Preview Content";
			sourceTree = "<group>";
		};
/* End PBXGroup section */

/* Begin PBXNativeTarget section */
		DF783FBC27550EE2009A9A9A /* SwiftUIThinkingBootcampApp */ = {
			isa = PBXNativeTarget;
			buildConfigurationList = DF783FCB27550EE3009A9A9A /* Build configuration list for PBXNativeTarget "SwiftUIThinkingBootcampApp" */;
			buildPhases = (
				DF783FB927550EE2009A9A9A /* Sources */,
				DF783FBA27550EE2009A9A9A /* Frameworks */,
				DF783FBB27550EE2009A9A9A /* Resources */,
			);
			buildRules = (
			);
			dependencies = (
			);
			name = SwiftUIThinkingBootcampApp;
			productName = SwiftUIThinkingBootcampApp;
			productReference = DF783FBD27550EE2009A9A9A /* SwiftUIThinkingBootcampApp.app */;
			productType = "com.apple.product-type.application";
		};
/* End PBXNativeTarget section */

/* Begin PBXProject section */
		DF783FB527550EE2009A9A9A /* Project object */ = {
			isa = PBXProject;
			attributes = {
				BuildIndependentTargetsInParallel = 1;
				LastSwiftUpdateCheck = 1310;
				LastUpgradeCheck = 1310;
				TargetAttributes = {
					DF783FBC27550EE2009A9A9A = {
						CreatedOnToolsVersion = 13.1;
					};
				};
			};
			buildConfigurationList = DF783FB827550EE2009A9A9A /* Build configuration list for PBXProject "SwiftUIThinkingBootcampApp" */;
			compatibilityVersion = "Xcode 13.0";
			developmentRegion = en;
			hasScannedForEncodings = 0;
			knownRegions = (
				en,
				Base,
			);
			mainGroup = DF783FB427550EE2009A9A9A;
			productRefGroup = DF783FBE27550EE2009A9A9A /* Products */;
			projectDirPath = "";
			projectRoot = "";
			targets = (
				DF783FBC27550EE2009A9A9A /* SwiftUIThinkingBootcampApp */,
			);
		};
/* End PBXProject section */

/* Begin PBXResourcesBuildPhase section */
		DF783FBB27550EE2009A9A9A /* Resources */ = {
			isa = PBXResourcesBuildPhase;
			buildActionMask = 2147483647;
			files = (
				DF783FC827550EE3009A9A9A /* Preview Assets.xcassets in Resources */,
				DF783FC527550EE3009A9A9A /* Assets.xcassets in Resources */,
			);
			runOnlyForDeploymentPostprocessing = 0;
		};
/* End PBXResourcesBuildPhase section */

/* Begin PBXSourcesBuildPhase section */
		DF783FB927550EE2009A9A9A /* Sources */ = {
			isa = PBXSourcesBuildPhase;
			buildActionMask = 2147483647;
			files = (
				DF4C2319275EBB0100BFE152 /* FunctionsBootcamp.swift in Sources */,
				DF4AED08275B84CD00C39378 /* StateBootcamp.swift in Sources */,
				DF61D14F2758F267006F6062 /* PaddingBootcamp.swift in Sources */,
				DF30C84B2758C041009887E1 /* ScrollViewBootcamp.swift in Sources */,
				DF5157CD27635B79005045B1 /* IfAndElseBootcamp.swift in Sources */,
				DF783FC327550EE2009A9A9A /* ContentView.swift in Sources */,
				DF783FC127550EE2009A9A9A /* SwiftUIThinkingBootcampAppApp.swift in Sources */,
				DF6EFF60275A39A300EC80AE /* ButtonBootcamp.swift in Sources */,
				DF61D1512758F417006F6062 /* LazyVGridBootcamp.swift in Sources */,
				DF44721B27615706005334C5 /* AnotherViewBootcamp.swift in Sources */,
			);
			runOnlyForDeploymentPostprocessing = 0;
		};
/* End PBXSourcesBuildPhase section */

/* Begin XCBuildConfiguration section */
		DF783FC927550EE3009A9A9A /* Debug */ = {
			isa = XCBuildConfiguration;
			buildSettings = {
				ALWAYS_SEARCH_USER_PATHS = NO;
				CLANG_ANALYZER_NONNULL = YES;
				CLANG_ANALYZER_NUMBER_OBJECT_CONVERSION = YES_AGGRESSIVE;
				CLANG_CXX_LANGUAGE_STANDARD = "gnu++17";
				CLANG_CXX_LIBRARY = "libc++";
				CLANG_ENABLE_MODULES = YES;
				CLANG_ENABLE_OBJC_ARC = YES;
				CLANG_ENABLE_OBJC_WEAK = YES;
				CLANG_WARN_BLOCK_CAPTURE_AUTORELEASING = YES;
				CLANG_WARN_BOOL_CONVERSION = YES;
				CLANG_WARN_COMMA = YES;
				CLANG_WARN_CONSTANT_CONVERSION = YES;
				CLANG_WARN_DEPRECATED_OBJC_IMPLEMENTATIONS = YES;
				CLANG_WARN_DIRECT_OBJC_ISA_USAGE = YES_ERROR;
				CLANG_WARN_DOCUMENTATION_COMMENTS = YES;
				CLANG_WARN_EMPTY_BODY = YES;
				CLANG_WARN_ENUM_CONVERSION = YES;
				CLANG_WARN_INFINITE_RECURSION = YES;
				CLANG_WARN_INT_CONVERSION = YES;
				CLANG_WARN_NON_LITERAL_NULL_CONVERSION = YES;
				CLANG_WARN_OBJC_IMPLICIT_RETAIN_SELF = YES;
				CLANG_WARN_OBJC_LITERAL_CONVERSION = YES;
				CLANG_WARN_OBJC_ROOT_CLASS = YES_ERROR;
				CLANG_WARN_QUOTED_INCLUDE_IN_FRAMEWORK_HEADER = YES;
				CLANG_WARN_RANGE_LOOP_ANALYSIS = YES;
				CLANG_WARN_STRICT_PROTOTYPES = YES;
				CLANG_WARN_SUSPICIOUS_MOVE = YES;
				CLANG_WARN_UNGUARDED_AVAILABILITY = YES_AGGRESSIVE;
				CLANG_WARN_UNREACHABLE_CODE = YES;
				CLANG_WARN__DUPLICATE_METHOD_MATCH = YES;
				COPY_PHASE_STRIP = NO;
				DEBUG_INFORMATION_FORMAT = dwarf;
				ENABLE_STRICT_OBJC_MSGSEND = YES;
				ENABLE_TESTABILITY = YES;
				GCC_C_LANGUAGE_STANDARD = gnu11;
				GCC_DYNAMIC_NO_PIC = NO;
				GCC_NO_COMMON_BLOCKS = YES;
				GCC_OPTIMIZATION_LEVEL = 0;
				GCC_PREPROCESSOR_DEFINITIONS = (
					"DEBUG=1",
					"$(inherited)",
				);
				GCC_WARN_64_TO_32_BIT_CONVERSION = YES;
				GCC_WARN_ABOUT_RETURN_TYPE = YES_ERROR;
				GCC_WARN_UNDECLARED_SELECTOR = YES;
				GCC_WARN_UNINITIALIZED_AUTOS = YES_AGGRESSIVE;
				GCC_WARN_UNUSED_FUNCTION = YES;
				GCC_WARN_UNUSED_VARIABLE = YES;
				IPHONEOS_DEPLOYMENT_TARGET = 15.0;
				MTL_ENABLE_DEBUG_INFO = INCLUDE_SOURCE;
				MTL_FAST_MATH = YES;
				ONLY_ACTIVE_ARCH = YES;
				SDKROOT = iphoneos;
				SWIFT_ACTIVE_COMPILATION_CONDITIONS = DEBUG;
				SWIFT_OPTIMIZATION_LEVEL = "-Onone";
			};
			name = Debug;
		};
		DF783FCA27550EE3009A9A9A /* Release */ = {
			isa = XCBuildConfiguration;
			buildSettings = {
				ALWAYS_SEARCH_USER_PATHS = NO;
				CLANG_ANALYZER_NONNULL = YES;
				CLANG_ANALYZER_NUMBER_OBJECT_CONVERSION = YES_AGGRESSIVE;
				CLANG_CXX_LANGUAGE_STANDARD = "gnu++17";
				CLANG_CXX_LIBRARY = "libc++";
				CLANG_ENABLE_MODULES = YES;
				CLANG_ENABLE_OBJC_ARC = YES;
				CLANG_ENABLE_OBJC_WEAK = YES;
				CLANG_WARN_BLOCK_CAPTURE_AUTORELEASING = YES;
				CLANG_WARN_BOOL_CONVERSION = YES;
				CLANG_WARN_COMMA = YES;
				CLANG_WARN_CONSTANT_CONVERSION = YES;
				CLANG_WARN_DEPRECATED_OBJC_IMPLEMENTATIONS = YES;
				CLANG_WARN_DIRECT_OBJC_ISA_USAGE = YES_ERROR;
				CLANG_WARN_DOCUMENTATION_COMMENTS = YES;
				CLANG_WARN_EMPTY_BODY = YES;
				CLANG_WARN_ENUM_CONVERSION = YES;
				CLANG_WARN_INFINITE_RECURSION = YES;
				CLANG_WARN_INT_CONVERSION = YES;
				CLANG_WARN_NON_LITERAL_NULL_CONVERSION = YES;
				CLANG_WARN_OBJC_IMPLICIT_RETAIN_SELF = YES;
				CLANG_WARN_OBJC_LITERAL_CONVERSION = YES;
				CLANG_WARN_OBJC_ROOT_CLASS = YES_ERROR;
				CLANG_WARN_QUOTED_INCLUDE_IN_FRAMEWORK_HEADER = YES;
				CLANG_WARN_RANGE_LOOP_ANALYSIS = YES;
				CLANG_WARN_STRICT_PROTOTYPES = YES;
				CLANG_WARN_SUSPICIOUS_MOVE = YES;
				CLANG_WARN_UNGUARDED_AVAILABILITY = YES_AGGRESSIVE;
				CLANG_WARN_UNREACHABLE_CODE = YES;
				CLANG_WARN__DUPLICATE_METHOD_MATCH = YES;
				COPY_PHASE_STRIP = NO;
				DEBUG_INFORMATION_FORMAT = "dwarf-with-dsym";
				ENABLE_NS_ASSERTIONS = NO;
				ENABLE_STRICT_OBJC_MSGSEND = YES;
				GCC_C_LANGUAGE_STANDARD = gnu11;
				GCC_NO_COMMON_BLOCKS = YES;
				GCC_WARN_64_TO_32_BIT_CONVERSION = YES;
				GCC_WARN_ABOUT_RETURN_TYPE = YES_ERROR;
				GCC_WARN_UNDECLARED_SELECTOR = YES;
				GCC_WARN_UNINITIALIZED_AUTOS = YES_AGGRESSIVE;
				GCC_WARN_UNUSED_FUNCTION = YES;
				GCC_WARN_UNUSED_VARIABLE = YES;
				IPHONEOS_DEPLOYMENT_TARGET = 15.0;
				MTL_ENABLE_DEBUG_INFO = NO;
				MTL_FAST_MATH = YES;
				SDKROOT = iphoneos;
				SWIFT_COMPILATION_MODE = wholemodule;
				SWIFT_OPTIMIZATION_LEVEL = "-O";
				VALIDATE_PRODUCT = YES;
			};
			name = Release;
		};
		DF783FCC27550EE3009A9A9A /* Debug */ = {
			isa = XCBuildConfiguration;
			buildSettings = {
				ASSETCATALOG_COMPILER_APPICON_NAME = AppIcon;
				ASSETCATALOG_COMPILER_GLOBAL_ACCENT_COLOR_NAME = AccentColor;
				CODE_SIGN_STYLE = Automatic;
				CURRENT_PROJECT_VERSION = 1;
				DEVELOPMENT_ASSET_PATHS = "\"SwiftUIThinkingBootcampApp/Preview Content\"";
				DEVELOPMENT_TEAM = 37XUJQYSPK;
				ENABLE_PREVIEWS = YES;
				GENERATE_INFOPLIST_FILE = YES;
				INFOPLIST_KEY_UIApplicationSceneManifest_Generation = YES;
				INFOPLIST_KEY_UIApplicationSupportsIndirectInputEvents = YES;
				INFOPLIST_KEY_UILaunchScreen_Generation = YES;
				INFOPLIST_KEY_UISupportedInterfaceOrientations_iPad = "UIInterfaceOrientationPortrait UIInterfaceOrientationPortraitUpsideDown UIInterfaceOrientationLandscapeLeft UIInterfaceOrientationLandscapeRight";
				INFOPLIST_KEY_UISupportedInterfaceOrientations_iPhone = "UIInterfaceOrientationPortrait UIInterfaceOrientationLandscapeLeft UIInterfaceOrientationLandscapeRight";
				LD_RUNPATH_SEARCH_PATHS = (
					"$(inherited)",
					"@executable_path/Frameworks",
				);
				MARKETING_VERSION = 1.0;
				PRODUCT_BUNDLE_IDENTIFIER = test.com.hii.SwiftUIThinkingBootcampApp;
				PRODUCT_NAME = "$(TARGET_NAME)";
				SWIFT_EMIT_LOC_STRINGS = YES;
				SWIFT_VERSION = 5.0;
				TARGETED_DEVICE_FAMILY = "1,2";
			};
			name = Debug;
		};
		DF783FCD27550EE3009A9A9A /* Release */ = {
			isa = XCBuildConfiguration;
			buildSettings = {
				ASSETCATALOG_COMPILER_APPICON_NAME = AppIcon;
				ASSETCATALOG_COMPILER_GLOBAL_ACCENT_COLOR_NAME = AccentColor;
				CODE_SIGN_STYLE = Automatic;
				CURRENT_PROJECT_VERSION = 1;
				DEVELOPMENT_ASSET_PATHS = "\"SwiftUIThinkingBootcampApp/Preview Content\"";
				DEVELOPMENT_TEAM = 37XUJQYSPK;
				ENABLE_PREVIEWS = YES;
				GENERATE_INFOPLIST_FILE = YES;
				INFOPLIST_KEY_UIApplicationSceneManifest_Generation = YES;
				INFOPLIST_KEY_UIApplicationSupportsIndirectInputEvents = YES;
				INFOPLIST_KEY_UILaunchScreen_Generation = YES;
				INFOPLIST_KEY_UISupportedInterfaceOrientations_iPad = "UIInterfaceOrientationPortrait UIInterfaceOrientationPortraitUpsideDown UIInterfaceOrientationLandscapeLeft UIInterfaceOrientationLandscapeRight";
				INFOPLIST_KEY_UISupportedInterfaceOrientations_iPhone = "UIInterfaceOrientationPortrait UIInterfaceOrientationLandscapeLeft UIInterfaceOrientationLandscapeRight";
				LD_RUNPATH_SEARCH_PATHS = (
					"$(inherited)",
					"@executable_path/Frameworks",
				);
				MARKETING_VERSION = 1.0;
				PRODUCT_BUNDLE_IDENTIFIER = test.com.hii.SwiftUIThinkingBootcampApp;
				PRODUCT_NAME = "$(TARGET_NAME)";
				SWIFT_EMIT_LOC_STRINGS = YES;
				SWIFT_VERSION = 5.0;
				TARGETED_DEVICE_FAMILY = "1,2";
			};
			name = Release;
		};
/* End XCBuildConfiguration section */

/* Begin XCConfigurationList section */
		DF783FB827550EE2009A9A9A /* Build configuration list for PBXProject "SwiftUIThinkingBootcampApp" */ = {
			isa = XCConfigurationList;
			buildConfigurations = (
				DF783FC927550EE3009A9A9A /* Debug */,
				DF783FCA27550EE3009A9A9A /* Release */,
			);
			defaultConfigurationIsVisible = 0;
			defaultConfigurationName = Release;
		};
		DF783FCB27550EE3009A9A9A /* Build configuration list for PBXNativeTarget "SwiftUIThinkingBootcampApp" */ = {
			isa = XCConfigurationList;
			buildConfigurations = (
				DF783FCC27550EE3009A9A9A /* Debug */,
				DF783FCD27550EE3009A9A9A /* Release */,
			);
			defaultConfigurationIsVisible = 0;
			defaultConfigurationName = Release;
		};
/* End XCConfigurationList section */
	};
	rootObject = DF783FB527550EE2009A9A9A /* Project object */;
}
